
Microsoft Visual Studio Solution File, Format Version 12.00
# Visual Studio Version 16
VisualStudioVersion = 16.0.30128.74
MinimumVisualStudioVersion = 10.0.40219.1
Project("{9A19103F-16F7-4668-BE54-9A1E7A4F7556}") = "EdgeLib", "EdgeLib\EdgeLib.csproj", "{AF47836A-A275-4475-BBD6-FD219027F5ED}"
EndProject
Project("{9A19103F-16F7-4668-BE54-9A1E7A4F7556}") = "TcpServer", "TcpServer\TcpServer.csproj", "{F262C101-290C-4324-8184-428CE685F4BB}"
EndProject
Project("{9A19103F-16F7-4668-BE54-9A1E7A4F7556}") = "TcpClient", "TcpClient\TcpClient.csproj", "{8738B188-83E1-4975-9CF9-EF498D010549}"
EndProject
Project("{9A19103F-16F7-4668-BE54-9A1E7A4F7556}") = "SaigeVAD.Edge", "Edge\SaigeVAD.Edge.csproj", "{2A82A476-43E7-4DFE-9983-B2521D6242FF}"
EndProject
Global
	GlobalSection(SolutionConfigurationPlatforms) = preSolution
		Debug|Any CPU = Debug|Any CPU
		Debug|x86 = Debug|x86
		Release|Any CPU = Release|Any CPU
		Release|x86 = Release|x86
	EndGlobalSection
	GlobalSection(ProjectConfigurationPlatforms) = postSolution
		{AF47836A-A275-4475-BBD6-FD219027F5ED}.Debug|Any CPU.ActiveCfg = Debug|Any CPU
		{AF47836A-A275-4475-BBD6-FD219027F5ED}.Debug|Any CPU.Build.0 = Debug|Any CPU
		{AF47836A-A275-4475-BBD6-FD219027F5ED}.Debug|x86.ActiveCfg = Debug|Any CPU
		{AF47836A-A275-4475-BBD6-FD219027F5ED}.Debug|x86.Build.0 = Debug|Any CPU
		{AF47836A-A275-4475-BBD6-FD219027F5ED}.Release|Any CPU.ActiveCfg = Release|Any CPU
		{AF47836A-A275-4475-BBD6-FD219027F5ED}.Release|Any CPU.Build.0 = Release|Any CPU
		{AF47836A-A275-4475-BBD6-FD219027F5ED}.Release|x86.ActiveCfg = Release|Any CPU
		{AF47836A-A275-4475-BBD6-FD219027F5ED}.Release|x86.Build.0 = Release|Any CPU
		{F262C101-290C-4324-8184-428CE685F4BB}.Debug|Any CPU.ActiveCfg = Debug|Any CPU
		{F262C101-290C-4324-8184-428CE685F4BB}.Debug|Any CPU.Build.0 = Debug|Any CPU
		{F262C101-290C-4324-8184-428CE685F4BB}.Debug|x86.ActiveCfg = Debug|Any CPU
		{F262C101-290C-4324-8184-428CE685F4BB}.Debug|x86.Build.0 = Debug|Any CPU
		{F262C101-290C-4324-8184-428CE685F4BB}.Release|Any CPU.ActiveCfg = Release|Any CPU
		{F262C101-290C-4324-8184-428CE685F4BB}.Release|Any CPU.Build.0 = Release|Any CPU
		{F262C101-290C-4324-8184-428CE685F4BB}.Release|x86.ActiveCfg = Release|Any CPU
		{F262C101-290C-4324-8184-428CE685F4BB}.Release|x86.Build.0 = Release|Any CPU
		{8738B188-83E1-4975-9CF9-EF498D010549}.Debug|Any CPU.ActiveCfg = Debug|Any CPU
		{8738B188-83E1-4975-9CF9-EF498D010549}.Debug|Any CPU.Build.0 = Debug|Any CPU
		{8738B188-83E1-4975-9CF9-EF498D010549}.Debug|x86.ActiveCfg = Debug|Any CPU
		{8738B188-83E1-4975-9CF9-EF498D010549}.Debug|x86.Build.0 = Debug|Any CPU
		{8738B188-83E1-4975-9CF9-EF498D010549}.Release|Any CPU.ActiveCfg = Release|Any CPU
		{8738B188-83E1-4975-9CF9-EF498D010549}.Release|Any CPU.Build.0 = Release|Any CPU
		{8738B188-83E1-4975-9CF9-EF498D010549}.Release|x86.ActiveCfg = Release|Any CPU
		{8738B188-83E1-4975-9CF9-EF498D010549}.Release|x86.Build.0 = Release|Any CPU
		{2A82A476-43E7-4DFE-9983-B2521D6242FF}.Debug|Any CPU.ActiveCfg = Debug|Any CPU
		{2A82A476-43E7-4DFE-9983-B2521D6242FF}.Debug|Any CPU.Build.0 = Debug|Any CPU
		{2A82A476-43E7-4DFE-9983-B2521D6242FF}.Debug|x86.ActiveCfg = Debug|Any CPU
		{2A82A476-43E7-4DFE-9983-B2521D6242FF}.Debug|x86.Build.0 = Debug|Any CPU
		{2A82A476-43E7-4DFE-9983-B2521D6242FF}.Release|Any CPU.ActiveCfg = Release|Any CPU
		{2A82A476-43E7-4DFE-9983-B2521D6242FF}.Release|Any CPU.Build.0 = Release|Any CPU
		{2A82A476-43E7-4DFE-9983-B2521D6242FF}.Release|x86.ActiveCfg = Release|Any CPU
		{2A82A476-43E7-4DFE-9983-B2521D6242FF}.Release|x86.Build.0 = Release|Any CPU
	EndGlobalSection
	GlobalSection(SolutionProperties) = preSolution
		HideSolutionNode = FALSE
	EndGlobalSection
	GlobalSection(ExtensibilityGlobals) = postSolution
		SolutionGuid = {67C4FBD4-505F-472B-91AF-15A63C449A2B}
	EndGlobalSection
EndGlobal
